// !$*UTF8*$!
{
	archiveVersion = 1;
	classes = {
	};
	objectVersion = 52;
	objects = {

/* Begin PBXBuildFile section */
		08801581D3AE44BE93903533 /* Pods_twittegorizeTests.framework in Frameworks */ = {isa = PBXBuildFile; fileRef = 413F9808461D575386DFE949 /* Pods_twittegorizeTests.framework */; };
		2128B792239E096700FB0058 /* SceneDelegate.swift in Sources */ = {isa = PBXBuildFile; fileRef = 2128B791239E096700FB0058 /* SceneDelegate.swift */; };
		2144C61023692C3300DC2397 /* TweetRow.swift in Sources */ = {isa = PBXBuildFile; fileRef = 2144C60F23692C3300DC2397 /* TweetRow.swift */; };
		2144C6122369588100DC2397 /* DummyCategories.swift in Sources */ = {isa = PBXBuildFile; fileRef = 2144C6112369588100DC2397 /* DummyCategories.swift */; };
		2144C615236965BF00DC2397 /* URLImage in Frameworks */ = {isa = PBXBuildFile; productRef = 2144C614236965BF00DC2397 /* URLImage */; };
		2148DF6E2379B30F00738580 /* GoogleService-Info.plist in Resources */ = {isa = PBXBuildFile; fileRef = 2148DF6D2379B30F00738580 /* GoogleService-Info.plist */; };
		2156AD99236C043C00A59040 /* TweetDetail.swift in Sources */ = {isa = PBXBuildFile; fileRef = 2156AD98236C043C00A59040 /* TweetDetail.swift */; };
		2156AD9D236C0B9C00A59040 /* Content.swift in Sources */ = {isa = PBXBuildFile; fileRef = 2156AD9C236C0B9C00A59040 /* Content.swift */; };
		2179313D236EF215006123FE /* CategoryList.swift in Sources */ = {isa = PBXBuildFile; fileRef = 2179313C236EF215006123FE /* CategoryList.swift */; };
		2179313F236EF6B9006123FE /* CategoryDetail.swift in Sources */ = {isa = PBXBuildFile; fileRef = 2179313E236EF6B9006123FE /* CategoryDetail.swift */; };
		21793141236EF9A7006123FE /* CategoryRow.swift in Sources */ = {isa = PBXBuildFile; fileRef = 21793140236EF9A7006123FE /* CategoryRow.swift */; };
		217CBD87237557BE004FDBE7 /* Login.swift in Sources */ = {isa = PBXBuildFile; fileRef = 217CBD86237557BE004FDBE7 /* Login.swift */; };
		217F66F523A6545600BACFD6 /* File.swift in Sources */ = {isa = PBXBuildFile; fileRef = 217F66F423A6545600BACFD6 /* File.swift */; };
		217F66F823AA4BF600BACFD6 /* RealmCategory.swift in Sources */ = {isa = PBXBuildFile; fileRef = 217F66F723AA4BF600BACFD6 /* RealmCategory.swift */; };
		217F66FC23AA4E8700BACFD6 /* RealmCategorisedTweet.swift in Sources */ = {isa = PBXBuildFile; fileRef = 217F66FB23AA4E8700BACFD6 /* RealmCategorisedTweet.swift */; };
		2180881D239E5A8F00FA43FC /* TweetsDownloader.swift in Sources */ = {isa = PBXBuildFile; fileRef = 2180881C239E5A8F00FA43FC /* TweetsDownloader.swift */; };
		21823D59238BB08E00B68109 /* User.swift in Sources */ = {isa = PBXBuildFile; fileRef = 21823D58238BB08E00B68109 /* User.swift */; };
		21C3307A238A7A380051226C /* .env in Resources */ = {isa = PBXBuildFile; fileRef = 21C33079238A7A380051226C /* .env */; };
		21C3307C238A7A610051226C /* .env.sample in Resources */ = {isa = PBXBuildFile; fileRef = 21C3307B238A7A610051226C /* .env.sample */; };
		21C3307E238AAB810051226C /* Tweet.swift in Sources */ = {isa = PBXBuildFile; fileRef = 21C3307D238AAB810051226C /* Tweet.swift */; };
		21C555D923A3674400ABE256 /* README.md in Resources */ = {isa = PBXBuildFile; fileRef = 21C555D823A3674400ABE256 /* README.md */; };
		21CFAA86235522C4001EB758 /* AppDelegate.swift in Sources */ = {isa = PBXBuildFile; fileRef = 21CFAA85235522C4001EB758 /* AppDelegate.swift */; };
		21CFAA8A235522C4001EB758 /* TweetList.swift in Sources */ = {isa = PBXBuildFile; fileRef = 21CFAA89235522C4001EB758 /* TweetList.swift */; };
		21CFAA8C235522CA001EB758 /* Assets.xcassets in Resources */ = {isa = PBXBuildFile; fileRef = 21CFAA8B235522CA001EB758 /* Assets.xcassets */; };
		21CFAA8F235522CA001EB758 /* Preview Assets.xcassets in Resources */ = {isa = PBXBuildFile; fileRef = 21CFAA8E235522CA001EB758 /* Preview Assets.xcassets */; };
		21CFAA9D235522CA001EB758 /* twittegorizeTests.swift in Sources */ = {isa = PBXBuildFile; fileRef = 21CFAA9C235522CA001EB758 /* twittegorizeTests.swift */; };
		21CFAAA8235522CA001EB758 /* twittegorizeUITests.swift in Sources */ = {isa = PBXBuildFile; fileRef = 21CFAAA7235522CA001EB758 /* twittegorizeUITests.swift */; };
		83F27061556916F78E0A4957 /* Pods_twittegorize.framework in Frameworks */ = {isa = PBXBuildFile; fileRef = 430704DDFEBDD4F99874C007 /* Pods_twittegorize.framework */; };
		C792C7FA1816B96DC1E8C1C7 /* Pods_twittegorize_twittegorizeUITests.framework in Frameworks */ = {isa = PBXBuildFile; fileRef = 8C4340ED0BD4F32A15FFDDD7 /* Pods_twittegorize_twittegorizeUITests.framework */; };
/* End PBXBuildFile section */

/* Begin PBXContainerItemProxy section */
		21CFAA99235522CA001EB758 /* PBXContainerItemProxy */ = {
			isa = PBXContainerItemProxy;
			containerPortal = 21CFAA7A235522C4001EB758 /* Project object */;
			proxyType = 1;
			remoteGlobalIDString = 21CFAA81235522C4001EB758;
			remoteInfo = twittegorize;
		};
		21CFAAA4235522CA001EB758 /* PBXContainerItemProxy */ = {
			isa = PBXContainerItemProxy;
			containerPortal = 21CFAA7A235522C4001EB758 /* Project object */;
			proxyType = 1;
			remoteGlobalIDString = 21CFAA81235522C4001EB758;
			remoteInfo = twittegorize;
		};
/* End PBXContainerItemProxy section */

/* Begin PBXFileReference section */
		17A774B82AF3AC0A3F01806D /* Pods-twittegorizeTests.release.xcconfig */ = {isa = PBXFileReference; includeInIndex = 1; lastKnownFileType = text.xcconfig; name = "Pods-twittegorizeTests.release.xcconfig"; path = "Target Support Files/Pods-twittegorizeTests/Pods-twittegorizeTests.release.xcconfig"; sourceTree = "<group>"; };
		2128B791239E096700FB0058 /* SceneDelegate.swift */ = {isa = PBXFileReference; lastKnownFileType = sourcecode.swift; path = SceneDelegate.swift; sourceTree = "<group>"; };
		2144C60F23692C3300DC2397 /* TweetRow.swift */ = {isa = PBXFileReference; lastKnownFileType = sourcecode.swift; path = TweetRow.swift; sourceTree = "<group>"; };
		2144C6112369588100DC2397 /* DummyCategories.swift */ = {isa = PBXFileReference; lastKnownFileType = sourcecode.swift; path = DummyCategories.swift; sourceTree = "<group>"; };
		2148DF6D2379B30F00738580 /* GoogleService-Info.plist */ = {isa = PBXFileReference; fileEncoding = 4; lastKnownFileType = text.plist.xml; path = "GoogleService-Info.plist"; sourceTree = "<group>"; };
		2156AD98236C043C00A59040 /* TweetDetail.swift */ = {isa = PBXFileReference; lastKnownFileType = sourcecode.swift; path = TweetDetail.swift; sourceTree = "<group>"; };
		2156AD9C236C0B9C00A59040 /* Content.swift */ = {isa = PBXFileReference; lastKnownFileType = sourcecode.swift; path = Content.swift; sourceTree = "<group>"; };
		2179313C236EF215006123FE /* CategoryList.swift */ = {isa = PBXFileReference; lastKnownFileType = sourcecode.swift; path = CategoryList.swift; sourceTree = "<group>"; };
		2179313E236EF6B9006123FE /* CategoryDetail.swift */ = {isa = PBXFileReference; lastKnownFileType = sourcecode.swift; path = CategoryDetail.swift; sourceTree = "<group>"; };
		21793140236EF9A7006123FE /* CategoryRow.swift */ = {isa = PBXFileReference; lastKnownFileType = sourcecode.swift; path = CategoryRow.swift; sourceTree = "<group>"; };
		217CBD86237557BE004FDBE7 /* Login.swift */ = {isa = PBXFileReference; lastKnownFileType = sourcecode.swift; path = Login.swift; sourceTree = "<group>"; };
		217F66F423A6545600BACFD6 /* File.swift */ = {isa = PBXFileReference; lastKnownFileType = sourcecode.swift; path = File.swift; sourceTree = "<group>"; };
		217F66F723AA4BF600BACFD6 /* RealmCategory.swift */ = {isa = PBXFileReference; lastKnownFileType = sourcecode.swift; path = RealmCategory.swift; sourceTree = "<group>"; };
		217F66FB23AA4E8700BACFD6 /* RealmCategorisedTweet.swift */ = {isa = PBXFileReference; lastKnownFileType = sourcecode.swift; path = RealmCategorisedTweet.swift; sourceTree = "<group>"; };
		2180881C239E5A8F00FA43FC /* TweetsDownloader.swift */ = {isa = PBXFileReference; lastKnownFileType = sourcecode.swift; path = TweetsDownloader.swift; sourceTree = "<group>"; };
		21823D58238BB08E00B68109 /* User.swift */ = {isa = PBXFileReference; lastKnownFileType = sourcecode.swift; path = User.swift; sourceTree = "<group>"; };
		21C33079238A7A380051226C /* .env */ = {isa = PBXFileReference; lastKnownFileType = text; path = .env; sourceTree = "<group>"; };
		21C3307B238A7A610051226C /* .env.sample */ = {isa = PBXFileReference; lastKnownFileType = text; path = .env.sample; sourceTree = "<group>"; };
		21C3307D238AAB810051226C /* Tweet.swift */ = {isa = PBXFileReference; lastKnownFileType = sourcecode.swift; path = Tweet.swift; sourceTree = "<group>"; };
		21C555D823A3674400ABE256 /* README.md */ = {isa = PBXFileReference; lastKnownFileType = net.daringfireball.markdown; path = README.md; sourceTree = "<group>"; };
		21CFAA82235522C4001EB758 /* twittegorize.app */ = {isa = PBXFileReference; explicitFileType = wrapper.application; includeInIndex = 0; path = twittegorize.app; sourceTree = BUILT_PRODUCTS_DIR; };
		21CFAA85235522C4001EB758 /* AppDelegate.swift */ = {isa = PBXFileReference; lastKnownFileType = sourcecode.swift; path = AppDelegate.swift; sourceTree = "<group>"; };
		21CFAA89235522C4001EB758 /* TweetList.swift */ = {isa = PBXFileReference; lastKnownFileType = sourcecode.swift; path = TweetList.swift; sourceTree = "<group>"; };
		21CFAA8B235522CA001EB758 /* Assets.xcassets */ = {isa = PBXFileReference; lastKnownFileType = folder.assetcatalog; path = Assets.xcassets; sourceTree = "<group>"; };
		21CFAA8E235522CA001EB758 /* Preview Assets.xcassets */ = {isa = PBXFileReference; lastKnownFileType = folder.assetcatalog; path = "Preview Assets.xcassets"; sourceTree = "<group>"; };
		21CFAA93235522CA001EB758 /* Info.plist */ = {isa = PBXFileReference; lastKnownFileType = text.plist.xml; path = Info.plist; sourceTree = "<group>"; };
		21CFAA98235522CA001EB758 /* twittegorizeTests.xctest */ = {isa = PBXFileReference; explicitFileType = wrapper.cfbundle; includeInIndex = 0; path = twittegorizeTests.xctest; sourceTree = BUILT_PRODUCTS_DIR; };
		21CFAA9C235522CA001EB758 /* twittegorizeTests.swift */ = {isa = PBXFileReference; lastKnownFileType = sourcecode.swift; path = twittegorizeTests.swift; sourceTree = "<group>"; };
		21CFAA9E235522CA001EB758 /* Info.plist */ = {isa = PBXFileReference; lastKnownFileType = text.plist.xml; path = Info.plist; sourceTree = "<group>"; };
		21CFAAA3235522CA001EB758 /* twittegorizeUITests.xctest */ = {isa = PBXFileReference; explicitFileType = wrapper.cfbundle; includeInIndex = 0; path = twittegorizeUITests.xctest; sourceTree = BUILT_PRODUCTS_DIR; };
		21CFAAA7235522CA001EB758 /* twittegorizeUITests.swift */ = {isa = PBXFileReference; lastKnownFileType = sourcecode.swift; path = twittegorizeUITests.swift; sourceTree = "<group>"; };
		21CFAAA9235522CA001EB758 /* Info.plist */ = {isa = PBXFileReference; lastKnownFileType = text.plist.xml; path = Info.plist; sourceTree = "<group>"; };
		413F9808461D575386DFE949 /* Pods_twittegorizeTests.framework */ = {isa = PBXFileReference; explicitFileType = wrapper.framework; includeInIndex = 0; path = Pods_twittegorizeTests.framework; sourceTree = BUILT_PRODUCTS_DIR; };
		430704DDFEBDD4F99874C007 /* Pods_twittegorize.framework */ = {isa = PBXFileReference; explicitFileType = wrapper.framework; includeInIndex = 0; path = Pods_twittegorize.framework; sourceTree = BUILT_PRODUCTS_DIR; };
		5F28996EBBD17618BC794497 /* Pods-twittegorize-twittegorizeUITests.debug.xcconfig */ = {isa = PBXFileReference; includeInIndex = 1; lastKnownFileType = text.xcconfig; name = "Pods-twittegorize-twittegorizeUITests.debug.xcconfig"; path = "Target Support Files/Pods-twittegorize-twittegorizeUITests/Pods-twittegorize-twittegorizeUITests.debug.xcconfig"; sourceTree = "<group>"; };
		8C4340ED0BD4F32A15FFDDD7 /* Pods_twittegorize_twittegorizeUITests.framework */ = {isa = PBXFileReference; explicitFileType = wrapper.framework; includeInIndex = 0; path = Pods_twittegorize_twittegorizeUITests.framework; sourceTree = BUILT_PRODUCTS_DIR; };
		AE879F70040CB7680500A9AB /* Pods-twittegorize.release.xcconfig */ = {isa = PBXFileReference; includeInIndex = 1; lastKnownFileType = text.xcconfig; name = "Pods-twittegorize.release.xcconfig"; path = "Target Support Files/Pods-twittegorize/Pods-twittegorize.release.xcconfig"; sourceTree = "<group>"; };
		B85689F6EE56122BD14FD797 /* Pods-twittegorize-twittegorizeUITests.release.xcconfig */ = {isa = PBXFileReference; includeInIndex = 1; lastKnownFileType = text.xcconfig; name = "Pods-twittegorize-twittegorizeUITests.release.xcconfig"; path = "Target Support Files/Pods-twittegorize-twittegorizeUITests/Pods-twittegorize-twittegorizeUITests.release.xcconfig"; sourceTree = "<group>"; };
		E6C50903DFB4FB16B7750972 /* Pods-twittegorize.debug.xcconfig */ = {isa = PBXFileReference; includeInIndex = 1; lastKnownFileType = text.xcconfig; name = "Pods-twittegorize.debug.xcconfig"; path = "Target Support Files/Pods-twittegorize/Pods-twittegorize.debug.xcconfig"; sourceTree = "<group>"; };
		EB4C4A742FCC48B228B00FC6 /* Pods-twittegorizeTests.debug.xcconfig */ = {isa = PBXFileReference; includeInIndex = 1; lastKnownFileType = text.xcconfig; name = "Pods-twittegorizeTests.debug.xcconfig"; path = "Target Support Files/Pods-twittegorizeTests/Pods-twittegorizeTests.debug.xcconfig"; sourceTree = "<group>"; };
/* End PBXFileReference section */

/* Begin PBXFrameworksBuildPhase section */
		21CFAA7F235522C4001EB758 /* Frameworks */ = {
			isa = PBXFrameworksBuildPhase;
			buildActionMask = 2147483647;
			files = (
				2144C615236965BF00DC2397 /* URLImage in Frameworks */,
				83F27061556916F78E0A4957 /* Pods_twittegorize.framework in Frameworks */,
			);
			runOnlyForDeploymentPostprocessing = 0;
		};
		21CFAA95235522CA001EB758 /* Frameworks */ = {
			isa = PBXFrameworksBuildPhase;
			buildActionMask = 2147483647;
			files = (
				08801581D3AE44BE93903533 /* Pods_twittegorizeTests.framework in Frameworks */,
			);
			runOnlyForDeploymentPostprocessing = 0;
		};
		21CFAAA0235522CA001EB758 /* Frameworks */ = {
			isa = PBXFrameworksBuildPhase;
			buildActionMask = 2147483647;
			files = (
				C792C7FA1816B96DC1E8C1C7 /* Pods_twittegorize_twittegorizeUITests.framework in Frameworks */,
			);
			runOnlyForDeploymentPostprocessing = 0;
		};
/* End PBXFrameworksBuildPhase section */

/* Begin PBXGroup section */
		212CF6D1235C9F400064217E /* Model */ = {
			isa = PBXGroup;
			children = (
				217F66F623AA4BDE00BACFD6 /* RealmObjects */,
				2180881B239E592C00FA43FC /* ObservableObjects */,
				2180881A239E591F00FA43FC /* CodableObjects */,
				21C33070238A632D0051226C /* Dummy */,
			);
			path = Model;
			sourceTree = "<group>";
		};
		2144C60A23691C3700DC2397 /* Assets */ = {
			isa = PBXGroup;
			children = (
			);
			path = Assets;
			sourceTree = "<group>";
		};
		217F66F323A6544400BACFD6 /* tests */ = {
			isa = PBXGroup;
			children = (
				217F66F423A6545600BACFD6 /* File.swift */,
			);
			path = tests;
			sourceTree = "<group>";
		};
		217F66F623AA4BDE00BACFD6 /* RealmObjects */ = {
			isa = PBXGroup;
			children = (
				217F66F723AA4BF600BACFD6 /* RealmCategory.swift */,
				217F66FB23AA4E8700BACFD6 /* RealmCategorisedTweet.swift */,
			);
			path = RealmObjects;
			sourceTree = "<group>";
		};
		2180881A239E591F00FA43FC /* CodableObjects */ = {
			isa = PBXGroup;
			children = (
				21C3307D238AAB810051226C /* Tweet.swift */,
				21823D58238BB08E00B68109 /* User.swift */,
			);
			path = CodableObjects;
			sourceTree = "<group>";
		};
		2180881B239E592C00FA43FC /* ObservableObjects */ = {
			isa = PBXGroup;
			children = (
				2180881C239E5A8F00FA43FC /* TweetsDownloader.swift */,
			);
			path = ObservableObjects;
			sourceTree = "<group>";
		};
		21C33070238A632D0051226C /* Dummy */ = {
			isa = PBXGroup;
			children = (
				2144C6112369588100DC2397 /* DummyCategories.swift */,
			);
			path = Dummy;
			sourceTree = "<group>";
		};
		21C33071238A634B0051226C /* View */ = {
			isa = PBXGroup;
			children = (
				21C33074238A63DF0051226C /* Root */,
				21C33073238A63D20051226C /* Category */,
				21C33072238A63B50051226C /* Tweet */,
			);
			path = View;
			sourceTree = "<group>";
		};
		21C33072238A63B50051226C /* Tweet */ = {
			isa = PBXGroup;
			children = (
				21CFAA89235522C4001EB758 /* TweetList.swift */,
				2144C60F23692C3300DC2397 /* TweetRow.swift */,
				2156AD98236C043C00A59040 /* TweetDetail.swift */,
			);
			path = Tweet;
			sourceTree = "<group>";
		};
		21C33073238A63D20051226C /* Category */ = {
			isa = PBXGroup;
			children = (
				2179313C236EF215006123FE /* CategoryList.swift */,
				21793140236EF9A7006123FE /* CategoryRow.swift */,
				2179313E236EF6B9006123FE /* CategoryDetail.swift */,
			);
			path = Category;
			sourceTree = "<group>";
		};
		21C33074238A63DF0051226C /* Root */ = {
			isa = PBXGroup;
			children = (
				217CBD86237557BE004FDBE7 /* Login.swift */,
				2156AD9C236C0B9C00A59040 /* Content.swift */,
			);
			path = Root;
			sourceTree = "<group>";
		};
		21CFAA79235522C4001EB758 = {
			isa = PBXGroup;
			children = (
				21C555D823A3674400ABE256 /* README.md */,
				21CFAA84235522C4001EB758 /* twittegorize */,
				21CFAA9B235522CA001EB758 /* twittegorizeTests */,
				21CFAAA6235522CA001EB758 /* twittegorizeUITests */,
				21CFAA83235522C4001EB758 /* Products */,
				A946E62A7D275370B4350427 /* Pods */,
				D65ABD329530E435DFFBAF7C /* Frameworks */,
			);
			sourceTree = "<group>";
		};
		21CFAA83235522C4001EB758 /* Products */ = {
			isa = PBXGroup;
			children = (
				21CFAA82235522C4001EB758 /* twittegorize.app */,
				21CFAA98235522CA001EB758 /* twittegorizeTests.xctest */,
				21CFAAA3235522CA001EB758 /* twittegorizeUITests.xctest */,
			);
			name = Products;
			sourceTree = "<group>";
		};
		21CFAA84235522C4001EB758 /* twittegorize */ = {
			isa = PBXGroup;
			children = (
				2144C60A23691C3700DC2397 /* Assets */,
				212CF6D1235C9F400064217E /* Model */,
				21C33071238A634B0051226C /* View */,
				21CFAA85235522C4001EB758 /* AppDelegate.swift */,
				2128B791239E096700FB0058 /* SceneDelegate.swift */,
				21CFAA8B235522CA001EB758 /* Assets.xcassets */,
				21CFAA93235522CA001EB758 /* Info.plist */,
				2148DF6D2379B30F00738580 /* GoogleService-Info.plist */,
				21CFAA8D235522CA001EB758 /* Preview Content */,
				21C33079238A7A380051226C /* .env */,
				21C3307B238A7A610051226C /* .env.sample */,
			);
			path = twittegorize;
			sourceTree = "<group>";
		};
		21CFAA8D235522CA001EB758 /* Preview Content */ = {
			isa = PBXGroup;
			children = (
				21CFAA8E235522CA001EB758 /* Preview Assets.xcassets */,
			);
			path = "Preview Content";
			sourceTree = "<group>";
		};
		21CFAA9B235522CA001EB758 /* twittegorizeTests */ = {
			isa = PBXGroup;
			children = (
				217F66F323A6544400BACFD6 /* tests */,
				21CFAA9C235522CA001EB758 /* twittegorizeTests.swift */,
				21CFAA9E235522CA001EB758 /* Info.plist */,
			);
			path = twittegorizeTests;
			sourceTree = "<group>";
		};
		21CFAAA6235522CA001EB758 /* twittegorizeUITests */ = {
			isa = PBXGroup;
			children = (
				21CFAAA7235522CA001EB758 /* twittegorizeUITests.swift */,
				21CFAAA9235522CA001EB758 /* Info.plist */,
			);
			path = twittegorizeUITests;
			sourceTree = "<group>";
		};
		A946E62A7D275370B4350427 /* Pods */ = {
			isa = PBXGroup;
			children = (
				E6C50903DFB4FB16B7750972 /* Pods-twittegorize.debug.xcconfig */,
				AE879F70040CB7680500A9AB /* Pods-twittegorize.release.xcconfig */,
				5F28996EBBD17618BC794497 /* Pods-twittegorize-twittegorizeUITests.debug.xcconfig */,
				B85689F6EE56122BD14FD797 /* Pods-twittegorize-twittegorizeUITests.release.xcconfig */,
				EB4C4A742FCC48B228B00FC6 /* Pods-twittegorizeTests.debug.xcconfig */,
				17A774B82AF3AC0A3F01806D /* Pods-twittegorizeTests.release.xcconfig */,
			);
			path = Pods;
			sourceTree = "<group>";
		};
		D65ABD329530E435DFFBAF7C /* Frameworks */ = {
			isa = PBXGroup;
			children = (
				430704DDFEBDD4F99874C007 /* Pods_twittegorize.framework */,
				8C4340ED0BD4F32A15FFDDD7 /* Pods_twittegorize_twittegorizeUITests.framework */,
				413F9808461D575386DFE949 /* Pods_twittegorizeTests.framework */,
			);
			name = Frameworks;
			sourceTree = "<group>";
		};
/* End PBXGroup section */

/* Begin PBXNativeTarget section */
		21CFAA81235522C4001EB758 /* twittegorize */ = {
			isa = PBXNativeTarget;
			buildConfigurationList = 21CFAAAC235522CA001EB758 /* Build configuration list for PBXNativeTarget "twittegorize" */;
			buildPhases = (
				BBC6F4B282F9C7375A09F7F7 /* [CP] Check Pods Manifest.lock */,
				21CFAA7E235522C4001EB758 /* Sources */,
				21CFAA7F235522C4001EB758 /* Frameworks */,
				21C33068238647FE0051226C /* ShellScript */,
				21CFAA80235522C4001EB758 /* Resources */,
				DC5E57E0C8B3FA2573129D43 /* [CP] Embed Pods Frameworks */,
				B09DF6DB82393592A768F6A1 /* [CP] Copy Pods Resources */,
			);
			buildRules = (
			);
			dependencies = (
			);
			name = twittegorize;
			packageProductDependencies = (
				2144C614236965BF00DC2397 /* URLImage */,
			);
			productName = twittegorize;
			productReference = 21CFAA82235522C4001EB758 /* twittegorize.app */;
			productType = "com.apple.product-type.application";
		};
		21CFAA97235522CA001EB758 /* twittegorizeTests */ = {
			isa = PBXNativeTarget;
			buildConfigurationList = 21CFAAAF235522CA001EB758 /* Build configuration list for PBXNativeTarget "twittegorizeTests" */;
			buildPhases = (
				41E27EF26606EFC616FC9671 /* [CP] Check Pods Manifest.lock */,
				21CFAA94235522CA001EB758 /* Sources */,
				21CFAA95235522CA001EB758 /* Frameworks */,
				21CFAA96235522CA001EB758 /* Resources */,
			);
			buildRules = (
			);
			dependencies = (
				21CFAA9A235522CA001EB758 /* PBXTargetDependency */,
			);
			name = twittegorizeTests;
			productName = twittegorizeTests;
			productReference = 21CFAA98235522CA001EB758 /* twittegorizeTests.xctest */;
			productType = "com.apple.product-type.bundle.unit-test";
		};
		21CFAAA2235522CA001EB758 /* twittegorizeUITests */ = {
			isa = PBXNativeTarget;
			buildConfigurationList = 21CFAAB2235522CA001EB758 /* Build configuration list for PBXNativeTarget "twittegorizeUITests" */;
			buildPhases = (
				E9426CC66492217A44D32881 /* [CP] Check Pods Manifest.lock */,
				21CFAA9F235522CA001EB758 /* Sources */,
				21CFAAA0235522CA001EB758 /* Frameworks */,
				21CFAAA1235522CA001EB758 /* Resources */,
				255011D8CAC4AB5F64982A5D /* [CP] Embed Pods Frameworks */,
				68898ACDD0EBDC7046011C1A /* [CP] Copy Pods Resources */,
			);
			buildRules = (
			);
			dependencies = (
				21CFAAA5235522CA001EB758 /* PBXTargetDependency */,
			);
			name = twittegorizeUITests;
			productName = twittegorizeUITests;
			productReference = 21CFAAA3235522CA001EB758 /* twittegorizeUITests.xctest */;
			productType = "com.apple.product-type.bundle.ui-testing";
		};
/* End PBXNativeTarget section */

/* Begin PBXProject section */
		21CFAA7A235522C4001EB758 /* Project object */ = {
			isa = PBXProject;
			attributes = {
				LastSwiftUpdateCheck = 1110;
				LastUpgradeCheck = 1110;
				ORGANIZATIONNAME = "Kosuke haraguchi";
				TargetAttributes = {
					21CFAA81235522C4001EB758 = {
						CreatedOnToolsVersion = 11.1;
					};
					21CFAA97235522CA001EB758 = {
						CreatedOnToolsVersion = 11.1;
						TestTargetID = 21CFAA81235522C4001EB758;
					};
					21CFAAA2235522CA001EB758 = {
						CreatedOnToolsVersion = 11.1;
						TestTargetID = 21CFAA81235522C4001EB758;
					};
				};
			};
			buildConfigurationList = 21CFAA7D235522C4001EB758 /* Build configuration list for PBXProject "twittegorize" */;
			compatibilityVersion = "Xcode 9.3";
			developmentRegion = en;
			hasScannedForEncodings = 0;
			knownRegions = (
				en,
				Base,
			);
			mainGroup = 21CFAA79235522C4001EB758;
			packageReferences = (
				2144C613236965BF00DC2397 /* XCRemoteSwiftPackageReference "url-image" */,
			);
			productRefGroup = 21CFAA83235522C4001EB758 /* Products */;
			projectDirPath = "";
			projectRoot = "";
			targets = (
				21CFAA81235522C4001EB758 /* twittegorize */,
				21CFAA97235522CA001EB758 /* twittegorizeTests */,
				21CFAAA2235522CA001EB758 /* twittegorizeUITests */,
			);
		};
/* End PBXProject section */

/* Begin PBXResourcesBuildPhase section */
		21CFAA80235522C4001EB758 /* Resources */ = {
			isa = PBXResourcesBuildPhase;
			buildActionMask = 2147483647;
			files = (
				21C555D923A3674400ABE256 /* README.md in Resources */,
				21CFAA8F235522CA001EB758 /* Preview Assets.xcassets in Resources */,
				21CFAA8C235522CA001EB758 /* Assets.xcassets in Resources */,
				2148DF6E2379B30F00738580 /* GoogleService-Info.plist in Resources */,
				21C3307C238A7A610051226C /* .env.sample in Resources */,
				21C3307A238A7A380051226C /* .env in Resources */,
			);
			runOnlyForDeploymentPostprocessing = 0;
		};
		21CFAA96235522CA001EB758 /* Resources */ = {
			isa = PBXResourcesBuildPhase;
			buildActionMask = 2147483647;
			files = (
			);
			runOnlyForDeploymentPostprocessing = 0;
		};
		21CFAAA1235522CA001EB758 /* Resources */ = {
			isa = PBXResourcesBuildPhase;
			buildActionMask = 2147483647;
			files = (
			);
			runOnlyForDeploymentPostprocessing = 0;
		};
/* End PBXResourcesBuildPhase section */

/* Begin PBXShellScriptBuildPhase section */
		21C33068238647FE0051226C /* ShellScript */ = {
			isa = PBXShellScriptBuildPhase;
			buildActionMask = 2147483647;
			files = (
			);
			inputFileListPaths = (
			);
			inputPaths = (
			);
			outputFileListPaths = (
			);
			outputPaths = (
			);
			runOnlyForDeploymentPostprocessing = 0;
			shellPath = /bin/sh;
			shellScript = "
";
		};
		255011D8CAC4AB5F64982A5D /* [CP] Embed Pods Frameworks */ = {
			isa = PBXShellScriptBuildPhase;
			buildActionMask = 2147483647;
			files = (
			);
			inputFileListPaths = (
				"${PODS_ROOT}/Target Support Files/Pods-twittegorize-twittegorizeUITests/Pods-twittegorize-twittegorizeUITests-frameworks-${CONFIGURATION}-input-files.xcfilelist",
			);
			name = "[CP] Embed Pods Frameworks";
			outputFileListPaths = (
				"${PODS_ROOT}/Target Support Files/Pods-twittegorize-twittegorizeUITests/Pods-twittegorize-twittegorizeUITests-frameworks-${CONFIGURATION}-output-files.xcfilelist",
			);
			runOnlyForDeploymentPostprocessing = 0;
			shellPath = /bin/sh;
			shellScript = "\"${PODS_ROOT}/Target Support Files/Pods-twittegorize-twittegorizeUITests/Pods-twittegorize-twittegorizeUITests-frameworks.sh\"\n";
			showEnvVarsInLog = 0;
		};
		41E27EF26606EFC616FC9671 /* [CP] Check Pods Manifest.lock */ = {
			isa = PBXShellScriptBuildPhase;
			buildActionMask = 2147483647;
			files = (
			);
			inputFileListPaths = (
			);
			inputPaths = (
				"${PODS_PODFILE_DIR_PATH}/Podfile.lock",
				"${PODS_ROOT}/Manifest.lock",
			);
			name = "[CP] Check Pods Manifest.lock";
			outputFileListPaths = (
			);
			outputPaths = (
				"$(DERIVED_FILE_DIR)/Pods-twittegorizeTests-checkManifestLockResult.txt",
			);
			runOnlyForDeploymentPostprocessing = 0;
			shellPath = /bin/sh;
			shellScript = "diff \"${PODS_PODFILE_DIR_PATH}/Podfile.lock\" \"${PODS_ROOT}/Manifest.lock\" > /dev/null\nif [ $? != 0 ] ; then\n    # print error to STDERR\n    echo \"error: The sandbox is not in sync with the Podfile.lock. Run 'pod install' or update your CocoaPods installation.\" >&2\n    exit 1\nfi\n# This output is used by Xcode 'outputs' to avoid re-running this script phase.\necho \"SUCCESS\" > \"${SCRIPT_OUTPUT_FILE_0}\"\n";
			showEnvVarsInLog = 0;
		};
		68898ACDD0EBDC7046011C1A /* [CP] Copy Pods Resources */ = {
			isa = PBXShellScriptBuildPhase;
			buildActionMask = 2147483647;
			files = (
			);
			inputFileListPaths = (
				"${PODS_ROOT}/Target Support Files/Pods-twittegorize-twittegorizeUITests/Pods-twittegorize-twittegorizeUITests-resources-${CONFIGURATION}-input-files.xcfilelist",
			);
			name = "[CP] Copy Pods Resources";
			outputFileListPaths = (
				"${PODS_ROOT}/Target Support Files/Pods-twittegorize-twittegorizeUITests/Pods-twittegorize-twittegorizeUITests-resources-${CONFIGURATION}-output-files.xcfilelist",
			);
			runOnlyForDeploymentPostprocessing = 0;
			shellPath = /bin/sh;
			shellScript = "\"${PODS_ROOT}/Target Support Files/Pods-twittegorize-twittegorizeUITests/Pods-twittegorize-twittegorizeUITests-resources.sh\"\n";
			showEnvVarsInLog = 0;
		};
		B09DF6DB82393592A768F6A1 /* [CP] Copy Pods Resources */ = {
			isa = PBXShellScriptBuildPhase;
			buildActionMask = 2147483647;
			files = (
			);
			inputFileListPaths = (
				"${PODS_ROOT}/Target Support Files/Pods-twittegorize/Pods-twittegorize-resources-${CONFIGURATION}-input-files.xcfilelist",
			);
			name = "[CP] Copy Pods Resources";
			outputFileListPaths = (
				"${PODS_ROOT}/Target Support Files/Pods-twittegorize/Pods-twittegorize-resources-${CONFIGURATION}-output-files.xcfilelist",
			);
			runOnlyForDeploymentPostprocessing = 0;
			shellPath = /bin/sh;
			shellScript = "\"${PODS_ROOT}/Target Support Files/Pods-twittegorize/Pods-twittegorize-resources.sh\"\n";
			showEnvVarsInLog = 0;
		};
		BBC6F4B282F9C7375A09F7F7 /* [CP] Check Pods Manifest.lock */ = {
			isa = PBXShellScriptBuildPhase;
			buildActionMask = 2147483647;
			files = (
			);
			inputFileListPaths = (
			);
			inputPaths = (
				"${PODS_PODFILE_DIR_PATH}/Podfile.lock",
				"${PODS_ROOT}/Manifest.lock",
			);
			name = "[CP] Check Pods Manifest.lock";
			outputFileListPaths = (
			);
			outputPaths = (
				"$(DERIVED_FILE_DIR)/Pods-twittegorize-checkManifestLockResult.txt",
			);
			runOnlyForDeploymentPostprocessing = 0;
			shellPath = /bin/sh;
			shellScript = "diff \"${PODS_PODFILE_DIR_PATH}/Podfile.lock\" \"${PODS_ROOT}/Manifest.lock\" > /dev/null\nif [ $? != 0 ] ; then\n    # print error to STDERR\n    echo \"error: The sandbox is not in sync with the Podfile.lock. Run 'pod install' or update your CocoaPods installation.\" >&2\n    exit 1\nfi\n# This output is used by Xcode 'outputs' to avoid re-running this script phase.\necho \"SUCCESS\" > \"${SCRIPT_OUTPUT_FILE_0}\"\n";
			showEnvVarsInLog = 0;
		};
		DC5E57E0C8B3FA2573129D43 /* [CP] Embed Pods Frameworks */ = {
			isa = PBXShellScriptBuildPhase;
			buildActionMask = 2147483647;
			files = (
			);
			inputFileListPaths = (
				"${PODS_ROOT}/Target Support Files/Pods-twittegorize/Pods-twittegorize-frameworks-${CONFIGURATION}-input-files.xcfilelist",
			);
			name = "[CP] Embed Pods Frameworks";
			outputFileListPaths = (
				"${PODS_ROOT}/Target Support Files/Pods-twittegorize/Pods-twittegorize-frameworks-${CONFIGURATION}-output-files.xcfilelist",
			);
			runOnlyForDeploymentPostprocessing = 0;
			shellPath = /bin/sh;
			shellScript = "\"${PODS_ROOT}/Target Support Files/Pods-twittegorize/Pods-twittegorize-frameworks.sh\"\n";
			showEnvVarsInLog = 0;
		};
		E9426CC66492217A44D32881 /* [CP] Check Pods Manifest.lock */ = {
			isa = PBXShellScriptBuildPhase;
			buildActionMask = 2147483647;
			files = (
			);
			inputFileListPaths = (
			);
			inputPaths = (
				"${PODS_PODFILE_DIR_PATH}/Podfile.lock",
				"${PODS_ROOT}/Manifest.lock",
			);
			name = "[CP] Check Pods Manifest.lock";
			outputFileListPaths = (
			);
			outputPaths = (
				"$(DERIVED_FILE_DIR)/Pods-twittegorize-twittegorizeUITests-checkManifestLockResult.txt",
			);
			runOnlyForDeploymentPostprocessing = 0;
			shellPath = /bin/sh;
			shellScript = "diff \"${PODS_PODFILE_DIR_PATH}/Podfile.lock\" \"${PODS_ROOT}/Manifest.lock\" > /dev/null\nif [ $? != 0 ] ; then\n    # print error to STDERR\n    echo \"error: The sandbox is not in sync with the Podfile.lock. Run 'pod install' or update your CocoaPods installation.\" >&2\n    exit 1\nfi\n# This output is used by Xcode 'outputs' to avoid re-running this script phase.\necho \"SUCCESS\" > \"${SCRIPT_OUTPUT_FILE_0}\"\n";
			showEnvVarsInLog = 0;
		};
/* End PBXShellScriptBuildPhase section */

/* Begin PBXSourcesBuildPhase section */
		21CFAA7E235522C4001EB758 /* Sources */ = {
			isa = PBXSourcesBuildPhase;
			buildActionMask = 2147483647;
			files = (
				2156AD9D236C0B9C00A59040 /* Content.swift in Sources */,
				21793141236EF9A7006123FE /* CategoryRow.swift in Sources */,
				21C3307E238AAB810051226C /* Tweet.swift in Sources */,
				21CFAA86235522C4001EB758 /* AppDelegate.swift in Sources */,
				217CBD87237557BE004FDBE7 /* Login.swift in Sources */,
				21CFAA8A235522C4001EB758 /* TweetList.swift in Sources */,
				2156AD99236C043C00A59040 /* TweetDetail.swift in Sources */,
				21823D59238BB08E00B68109 /* User.swift in Sources */,
				2128B792239E096700FB0058 /* SceneDelegate.swift in Sources */,
				2179313F236EF6B9006123FE /* CategoryDetail.swift in Sources */,
				217F66FC23AA4E8700BACFD6 /* RealmCategorisedTweet.swift in Sources */,
				2144C61023692C3300DC2397 /* TweetRow.swift in Sources */,
				217F66F823AA4BF600BACFD6 /* RealmCategory.swift in Sources */,
				2180881D239E5A8F00FA43FC /* TweetsDownloader.swift in Sources */,
				2144C6122369588100DC2397 /* DummyCategories.swift in Sources */,
				2179313D236EF215006123FE /* CategoryList.swift in Sources */,
			);
			runOnlyForDeploymentPostprocessing = 0;
		};
		21CFAA94235522CA001EB758 /* Sources */ = {
			isa = PBXSourcesBuildPhase;
			buildActionMask = 2147483647;
			files = (
				21CFAA9D235522CA001EB758 /* twittegorizeTests.swift in Sources */,
				217F66F523A6545600BACFD6 /* File.swift in Sources */,
			);
			runOnlyForDeploymentPostprocessing = 0;
		};
		21CFAA9F235522CA001EB758 /* Sources */ = {
			isa = PBXSourcesBuildPhase;
			buildActionMask = 2147483647;
			files = (
				21CFAAA8235522CA001EB758 /* twittegorizeUITests.swift in Sources */,
			);
			runOnlyForDeploymentPostprocessing = 0;
		};
/* End PBXSourcesBuildPhase section */

/* Begin PBXTargetDependency section */
		21CFAA9A235522CA001EB758 /* PBXTargetDependency */ = {
			isa = PBXTargetDependency;
			target = 21CFAA81235522C4001EB758 /* twittegorize */;
			targetProxy = 21CFAA99235522CA001EB758 /* PBXContainerItemProxy */;
		};
		21CFAAA5235522CA001EB758 /* PBXTargetDependency */ = {
			isa = PBXTargetDependency;
			target = 21CFAA81235522C4001EB758 /* twittegorize */;
			targetProxy = 21CFAAA4235522CA001EB758 /* PBXContainerItemProxy */;
		};
/* End PBXTargetDependency section */

/* Begin XCBuildConfiguration section */
		21CFAAAA235522CA001EB758 /* Debug */ = {
			isa = XCBuildConfiguration;
			buildSettings = {
				ALWAYS_SEARCH_USER_PATHS = NO;
				CLANG_ANALYZER_NONNULL = YES;
				CLANG_ANALYZER_NUMBER_OBJECT_CONVERSION = YES_AGGRESSIVE;
				CLANG_CXX_LANGUAGE_STANDARD = "gnu++14";
				CLANG_CXX_LIBRARY = "libc++";
				CLANG_ENABLE_MODULES = YES;
				CLANG_ENABLE_OBJC_ARC = YES;
				CLANG_ENABLE_OBJC_WEAK = YES;
				CLANG_WARN_BLOCK_CAPTURE_AUTORELEASING = YES;
				CLANG_WARN_BOOL_CONVERSION = YES;
				CLANG_WARN_COMMA = YES;
				CLANG_WARN_CONSTANT_CONVERSION = YES;
				CLANG_WARN_DEPRECATED_OBJC_IMPLEMENTATIONS = YES;
				CLANG_WARN_DIRECT_OBJC_ISA_USAGE = YES_ERROR;
				CLANG_WARN_DOCUMENTATION_COMMENTS = YES;
				CLANG_WARN_EMPTY_BODY = YES;
				CLANG_WARN_ENUM_CONVERSION = YES;
				CLANG_WARN_INFINITE_RECURSION = YES;
				CLANG_WARN_INT_CONVERSION = YES;
				CLANG_WARN_NON_LITERAL_NULL_CONVERSION = YES;
				CLANG_WARN_OBJC_IMPLICIT_RETAIN_SELF = YES;
				CLANG_WARN_OBJC_LITERAL_CONVERSION = YES;
				CLANG_WARN_OBJC_ROOT_CLASS = YES_ERROR;
				CLANG_WARN_RANGE_LOOP_ANALYSIS = YES;
				CLANG_WARN_STRICT_PROTOTYPES = YES;
				CLANG_WARN_SUSPICIOUS_MOVE = YES;
				CLANG_WARN_UNGUARDED_AVAILABILITY = YES_AGGRESSIVE;
				CLANG_WARN_UNREACHABLE_CODE = YES;
				CLANG_WARN__DUPLICATE_METHOD_MATCH = YES;
				COPY_PHASE_STRIP = NO;
				DEBUG_INFORMATION_FORMAT = dwarf;
				DEFINES_MODULE = YES;
				ENABLE_STRICT_OBJC_MSGSEND = YES;
				ENABLE_TESTABILITY = YES;
				GCC_C_LANGUAGE_STANDARD = gnu11;
				GCC_DYNAMIC_NO_PIC = NO;
				GCC_NO_COMMON_BLOCKS = YES;
				GCC_OPTIMIZATION_LEVEL = 0;
				GCC_PREPROCESSOR_DEFINITIONS = (
					"DEBUG=1",
					"$(inherited)",
				);
				GCC_WARN_64_TO_32_BIT_CONVERSION = YES;
				GCC_WARN_ABOUT_RETURN_TYPE = YES_ERROR;
				GCC_WARN_UNDECLARED_SELECTOR = YES;
				GCC_WARN_UNINITIALIZED_AUTOS = YES_AGGRESSIVE;
				GCC_WARN_UNUSED_FUNCTION = YES;
				GCC_WARN_UNUSED_VARIABLE = YES;
				IPHONEOS_DEPLOYMENT_TARGET = 13.1;
				MTL_ENABLE_DEBUG_INFO = INCLUDE_SOURCE;
				MTL_FAST_MATH = YES;
				ONLY_ACTIVE_ARCH = YES;
				SDKROOT = iphoneos;
				SWIFT_ACTIVE_COMPILATION_CONDITIONS = DEBUG;
				SWIFT_OPTIMIZATION_LEVEL = "-Onone";
			};
			name = Debug;
		};
		21CFAAAB235522CA001EB758 /* Release */ = {
			isa = XCBuildConfiguration;
			buildSettings = {
				ALWAYS_SEARCH_USER_PATHS = NO;
				CLANG_ANALYZER_NONNULL = YES;
				CLANG_ANALYZER_NUMBER_OBJECT_CONVERSION = YES_AGGRESSIVE;
				CLANG_CXX_LANGUAGE_STANDARD = "gnu++14";
				CLANG_CXX_LIBRARY = "libc++";
				CLANG_ENABLE_MODULES = YES;
				CLANG_ENABLE_OBJC_ARC = YES;
				CLANG_ENABLE_OBJC_WEAK = YES;
				CLANG_WARN_BLOCK_CAPTURE_AUTORELEASING = YES;
				CLANG_WARN_BOOL_CONVERSION = YES;
				CLANG_WARN_COMMA = YES;
				CLANG_WARN_CONSTANT_CONVERSION = YES;
				CLANG_WARN_DEPRECATED_OBJC_IMPLEMENTATIONS = YES;
				CLANG_WARN_DIRECT_OBJC_ISA_USAGE = YES_ERROR;
				CLANG_WARN_DOCUMENTATION_COMMENTS = YES;
				CLANG_WARN_EMPTY_BODY = YES;
				CLANG_WARN_ENUM_CONVERSION = YES;
				CLANG_WARN_INFINITE_RECURSION = YES;
				CLANG_WARN_INT_CONVERSION = YES;
				CLANG_WARN_NON_LITERAL_NULL_CONVERSION = YES;
				CLANG_WARN_OBJC_IMPLICIT_RETAIN_SELF = YES;
				CLANG_WARN_OBJC_LITERAL_CONVERSION = YES;
				CLANG_WARN_OBJC_ROOT_CLASS = YES_ERROR;
				CLANG_WARN_RANGE_LOOP_ANALYSIS = YES;
				CLANG_WARN_STRICT_PROTOTYPES = YES;
				CLANG_WARN_SUSPICIOUS_MOVE = YES;
				CLANG_WARN_UNGUARDED_AVAILABILITY = YES_AGGRESSIVE;
				CLANG_WARN_UNREACHABLE_CODE = YES;
				CLANG_WARN__DUPLICATE_METHOD_MATCH = YES;
				COPY_PHASE_STRIP = NO;
				DEBUG_INFORMATION_FORMAT = "dwarf-with-dsym";
				DEFINES_MODULE = YES;
				ENABLE_NS_ASSERTIONS = NO;
				ENABLE_STRICT_OBJC_MSGSEND = YES;
				GCC_C_LANGUAGE_STANDARD = gnu11;
				GCC_NO_COMMON_BLOCKS = YES;
				GCC_WARN_64_TO_32_BIT_CONVERSION = YES;
				GCC_WARN_ABOUT_RETURN_TYPE = YES_ERROR;
				GCC_WARN_UNDECLARED_SELECTOR = YES;
				GCC_WARN_UNINITIALIZED_AUTOS = YES_AGGRESSIVE;
				GCC_WARN_UNUSED_FUNCTION = YES;
				GCC_WARN_UNUSED_VARIABLE = YES;
				IPHONEOS_DEPLOYMENT_TARGET = 13.1;
				MTL_ENABLE_DEBUG_INFO = NO;
				MTL_FAST_MATH = YES;
				SDKROOT = iphoneos;
				SWIFT_COMPILATION_MODE = wholemodule;
				SWIFT_OPTIMIZATION_LEVEL = "-O";
				VALIDATE_PRODUCT = YES;
			};
			name = Release;
		};
		21CFAAAD235522CA001EB758 /* Debug */ = {
			isa = XCBuildConfiguration;
			baseConfigurationReference = E6C50903DFB4FB16B7750972 /* Pods-twittegorize.debug.xcconfig */;
			buildSettings = {
				ASSETCATALOG_COMPILER_APPICON_NAME = AppIcon;
				CODE_SIGN_STYLE = Automatic;
				DEVELOPMENT_ASSET_PATHS = "\"twittegorize/Preview Content\"";
				DEVELOPMENT_TEAM = GH5HH4LC32;
				ENABLE_PREVIEWS = YES;
				INFOPLIST_FILE = twittegorize/Info.plist;
				LD_RUNPATH_SEARCH_PATHS = (
					"$(inherited)",
					"@executable_path/Frameworks",
				);
				PRODUCT_BUNDLE_IDENTIFIER = tirol.jpn.twittegorize;
				PRODUCT_NAME = "$(TARGET_NAME)";
				SWIFT_VERSION = 5.0;
				TARGETED_DEVICE_FAMILY = "1,2";
			};
			name = Debug;
		};
		21CFAAAE235522CA001EB758 /* Release */ = {
			isa = XCBuildConfiguration;
			baseConfigurationReference = AE879F70040CB7680500A9AB /* Pods-twittegorize.release.xcconfig */;
			buildSettings = {
				ASSETCATALOG_COMPILER_APPICON_NAME = AppIcon;
				CODE_SIGN_STYLE = Automatic;
				DEVELOPMENT_ASSET_PATHS = "\"twittegorize/Preview Content\"";
				DEVELOPMENT_TEAM = GH5HH4LC32;
				ENABLE_PREVIEWS = YES;
				INFOPLIST_FILE = twittegorize/Info.plist;
				LD_RUNPATH_SEARCH_PATHS = (
					"$(inherited)",
					"@executable_path/Frameworks",
				);
				PRODUCT_BUNDLE_IDENTIFIER = tirol.jpn.twittegorize;
				PRODUCT_NAME = "$(TARGET_NAME)";
				SWIFT_VERSION = 5.0;
				TARGETED_DEVICE_FAMILY = "1,2";
			};
			name = Release;
		};
		21CFAAB0235522CA001EB758 /* Debug */ = {
			isa = XCBuildConfiguration;
			baseConfigurationReference = EB4C4A742FCC48B228B00FC6 /* Pods-twittegorizeTests.debug.xcconfig */;
			buildSettings = {
				ALWAYS_EMBED_SWIFT_STANDARD_LIBRARIES = YES;
				BUNDLE_LOADER = "$(TEST_HOST)";
				CODE_SIGN_STYLE = Automatic;
				DEVELOPMENT_TEAM = GH5HH4LC32;
				INFOPLIST_FILE = twittegorizeTests/Info.plist;
				IPHONEOS_DEPLOYMENT_TARGET = 13.1;
				LD_RUNPATH_SEARCH_PATHS = (
					"$(inherited)",
					"@executable_path/Frameworks",
					"@loader_path/Frameworks",
				);
				PRODUCT_BUNDLE_IDENTIFIER = tirol.jpn.twittegorizeTests;
				PRODUCT_NAME = "$(TARGET_NAME)";
				SWIFT_VERSION = 5.0;
				TARGETED_DEVICE_FAMILY = "1,2";
				TEST_HOST = "$(BUILT_PRODUCTS_DIR)/twittegorize.app/twittegorize";
			};
			name = Debug;
		};
		21CFAAB1235522CA001EB758 /* Release */ = {
			isa = XCBuildConfiguration;
			baseConfigurationReference = 17A774B82AF3AC0A3F01806D /* Pods-twittegorizeTests.release.xcconfig */;
			buildSettings = {
				ALWAYS_EMBED_SWIFT_STANDARD_LIBRARIES = YES;
				BUNDLE_LOADER = "$(TEST_HOST)";
				CODE_SIGN_STYLE = Automatic;
				DEVELOPMENT_TEAM = GH5HH4LC32;
				INFOPLIST_FILE = twittegorizeTests/Info.plist;
				IPHONEOS_DEPLOYMENT_TARGET = 13.1;
				LD_RUNPATH_SEARCH_PATHS = (
					"$(inherited)",
					"@executable_path/Frameworks",
					"@loader_path/Frameworks",
				);
				PRODUCT_BUNDLE_IDENTIFIER = tirol.jpn.twittegorizeTests;
				PRODUCT_NAME = "$(TARGET_NAME)";
				SWIFT_VERSION = 5.0;
				TARGETED_DEVICE_FAMILY = "1,2";
				TEST_HOST = "$(BUILT_PRODUCTS_DIR)/twittegorize.app/twittegorize";
			};
			name = Release;
		};
		21CFAAB3235522CA001EB758 /* Debug */ = {
			isa = XCBuildConfiguration;
			baseConfigurationReference = 5F28996EBBD17618BC794497 /* Pods-twittegorize-twittegorizeUITests.debug.xcconfig */;
			buildSettings = {
				ALWAYS_EMBED_SWIFT_STANDARD_LIBRARIES = YES;
				CODE_SIGN_STYLE = Automatic;
				DEVELOPMENT_TEAM = GH5HH4LC32;
				INFOPLIST_FILE = twittegorizeUITests/Info.plist;
				LD_RUNPATH_SEARCH_PATHS = (
					"$(inherited)",
					"@executable_path/Frameworks",
					"@loader_path/Frameworks",
				);
				PRODUCT_BUNDLE_IDENTIFIER = tirol.jpn.twittegorizeUITests;
				PRODUCT_NAME = "$(TARGET_NAME)";
				SWIFT_VERSION = 5.0;
				TARGETED_DEVICE_FAMILY = "1,2";
				TEST_TARGET_NAME = twittegorize;
			};
			name = Debug;
		};
		21CFAAB4235522CA001EB758 /* Release */ = {
			isa = XCBuildConfiguration;
			baseConfigurationReference = B85689F6EE56122BD14FD797 /* Pods-twittegorize-twittegorizeUITests.release.xcconfig */;
			buildSettings = {
				ALWAYS_EMBED_SWIFT_STANDARD_LIBRARIES = YES;
				CODE_SIGN_STYLE = Automatic;
				DEVELOPMENT_TEAM = GH5HH4LC32;
				INFOPLIST_FILE = twittegorizeUITests/Info.plist;
				LD_RUNPATH_SEARCH_PATHS = (
					"$(inherited)",
					"@executable_path/Frameworks",
					"@loader_path/Frameworks",
				);
				PRODUCT_BUNDLE_IDENTIFIER = tirol.jpn.twittegorizeUITests;
				PRODUCT_NAME = "$(TARGET_NAME)";
				SWIFT_VERSION = 5.0;
				TARGETED_DEVICE_FAMILY = "1,2";
				TEST_TARGET_NAME = twittegorize;
			};
			name = Release;
		};
/* End XCBuildConfiguration section */

/* Begin XCConfigurationList section */
		21CFAA7D235522C4001EB758 /* Build configuration list for PBXProject "twittegorize" */ = {
			isa = XCConfigurationList;
			buildConfigurations = (
				21CFAAAA235522CA001EB758 /* Debug */,
				21CFAAAB235522CA001EB758 /* Release */,
			);
			defaultConfigurationIsVisible = 0;
			defaultConfigurationName = Release;
		};
		21CFAAAC235522CA001EB758 /* Build configuration list for PBXNativeTarget "twittegorize" */ = {
			isa = XCConfigurationList;
			buildConfigurations = (
				21CFAAAD235522CA001EB758 /* Debug */,
				21CFAAAE235522CA001EB758 /* Release */,
			);
			defaultConfigurationIsVisible = 0;
			defaultConfigurationName = Release;
		};
		21CFAAAF235522CA001EB758 /* Build configuration list for PBXNativeTarget "twittegorizeTests" */ = {
			isa = XCConfigurationList;
			buildConfigurations = (
				21CFAAB0235522CA001EB758 /* Debug */,
				21CFAAB1235522CA001EB758 /* Release */,
			);
			defaultConfigurationIsVisible = 0;
			defaultConfigurationName = Release;
		};
		21CFAAB2235522CA001EB758 /* Build configuration list for PBXNativeTarget "twittegorizeUITests" */ = {
			isa = XCConfigurationList;
			buildConfigurations = (
				21CFAAB3235522CA001EB758 /* Debug */,
				21CFAAB4235522CA001EB758 /* Release */,
			);
			defaultConfigurationIsVisible = 0;
			defaultConfigurationName = Release;
		};
/* End XCConfigurationList section */

/* Begin XCRemoteSwiftPackageReference section */
		2144C613236965BF00DC2397 /* XCRemoteSwiftPackageReference "url-image" */ = {
			isa = XCRemoteSwiftPackageReference;
			repositoryURL = "https://github.com/dmytro-anokhin/url-image.git";
			requirement = {
				kind = upToNextMajorVersion;
				minimumVersion = 0.9.8;
			};
		};
/* End XCRemoteSwiftPackageReference section */

/* Begin XCSwiftPackageProductDependency section */
		2144C614236965BF00DC2397 /* URLImage */ = {
			isa = XCSwiftPackageProductDependency;
			package = 2144C613236965BF00DC2397 /* XCRemoteSwiftPackageReference "url-image" */;
			productName = URLImage;
		};
/* End XCSwiftPackageProductDependency section */
	};
	rootObject = 21CFAA7A235522C4001EB758 /* Project object */;
}
